
Microsoft Visual Studio Solution File, Format Version 12.00
# Visual Studio 15
VisualStudioVersion = 15.0.27130.2010
MinimumVisualStudioVersion = 10.0.40219.1
Project("{2150E333-8FDC-42A3-9474-1A3956D46DE8}") = "RCM.Domain", "RCM.Domain", "{8D7E4908-7C62-4334-9F8E-CD8AB2AF871D}"
EndProject
Project("{2150E333-8FDC-42A3-9474-1A3956D46DE8}") = "RCM.Domain.Core", "RCM.Domain.Core", "{E5F25D5D-CB8B-4748-AAF4-D322885364EE}"
EndProject
Project("{2150E333-8FDC-42A3-9474-1A3956D46DE8}") = "RCM.CrossCutting", "RCM.CrossCutting", "{7AEBADBC-86DA-45B1-B6FA-16799BCE0A08}"
EndProject
Project("{9A19103F-16F7-4668-BE54-9A1E7A4F7556}") = "RCM.Domain", "RCM.Domain\RCM.Domain.csproj", "{AEA57A6D-D360-402D-A465-40BF1B5F1C89}"
EndProject
Project("{2150E333-8FDC-42A3-9474-1A3956D46DE8}") = "RCM.Infra", "RCM.Infra", "{677ED6CC-145C-4614-A10F-977E70E3C158}"
EndProject
Project("{9A19103F-16F7-4668-BE54-9A1E7A4F7556}") = "RCM.Infra", "RCM.Infra\RCM.Infra.csproj", "{EA44F99C-E7D7-49E4-9221-A569363ACA8F}"
EndProject
Project("{9A19103F-16F7-4668-BE54-9A1E7A4F7556}") = "RCM.CrossCutting.IoC", "RCM.CrossCutting.IoC\RCM.CrossCutting.IoC.csproj", "{396990F7-7AA4-4067-8BC5-AEA4040F036E}"
EndProject
Project("{9A19103F-16F7-4668-BE54-9A1E7A4F7556}") = "RCM.CrossCutting", "RCM.CrossCutting\RCM.CrossCutting.csproj", "{D1BC941F-1428-401C-AB84-8AF72C60BB8C}"
EndProject
Project("{2150E333-8FDC-42A3-9474-1A3956D46DE8}") = "RCM.ApplicationService", "RCM.ApplicationService", "{EAF3EB5B-F2CB-4595-8669-A338C3DF2306}"
EndProject
Project("{9A19103F-16F7-4668-BE54-9A1E7A4F7556}") = "RCM.CrossCutting.Mediator", "RCM.CrossCutting.Mediator\RCM.CrossCutting.Mediator.csproj", "{8BEC119D-3417-45E5-AEFE-CBAC0E163A41}"
EndProject
Project("{9A19103F-16F7-4668-BE54-9A1E7A4F7556}") = "RCM.Application", "RCM.Application\RCM.Application.csproj", "{58EEF1D3-FA6B-4F25-A6D0-A3C9FABAC3CB}"
EndProject
Project("{2150E333-8FDC-42A3-9474-1A3956D46DE8}") = "RCM.Presentation", "RCM.Presentation", "{0B7B5EE8-289F-4454-8C99-83D4B488F2B2}"
EndProject
Project("{9A19103F-16F7-4668-BE54-9A1E7A4F7556}") = "RCM.Presentation.Web", "RCM.Presentation.Web\RCM.Presentation.Web.csproj", "{3B87B7AE-1A9A-40B7-B16D-9C1121480541}"
EndProject
Project("{9A19103F-16F7-4668-BE54-9A1E7A4F7556}") = "RCM.Domain.Core", "RCM.Domain.Core\RCM.Domain.Core.csproj", "{143F1DEA-2EF5-4537-ABB5-4DD9959F6449}"
EndProject
Project("{2150E333-8FDC-42A3-9474-1A3956D46DE8}") = "RCM.Presentation.Angular", "RCM.Presentation.Angular", "{F056EBD2-6ED3-41DB-AE41-F19319C16639}"
EndProject
Project("{2150E333-8FDC-42A3-9474-1A3956D46DE8}") = "RCM.Mobile", "RCM.Mobile", "{F6C5A482-7904-4EBB-8925-F12CEA1AB294}"
EndProject
Project("{9A19103F-16F7-4668-BE54-9A1E7A4F7556}") = "RCM.CrossCutting.Identity", "RCM.CrossCutting.Identity\RCM.CrossCutting.Identity.csproj", "{A3FE433E-3553-4583-895A-E928B72BAF2C}"
EndProject
Project("{2150E333-8FDC-42A3-9474-1A3956D46DE8}") = "RCM.Presentation.WebApi", "RCM.Presentation.WebApi", "{3C85CC55-6854-463A-BD9D-F89A83FB9590}"
EndProject
Project("{2150E333-8FDC-42A3-9474-1A3956D46DE8}") = "RCM.Tests", "RCM.Tests", "{4353B9C1-2142-446F-B195-F9D2B811F9AC}"
EndProject
Project("{9A19103F-16F7-4668-BE54-9A1E7A4F7556}") = "RCM.Tests", "RCM.Tests\RCM.Tests.csproj", "{140C3F79-C034-43AD-8C50-C3100773EF17}"
EndProject
Global
	GlobalSection(SolutionConfigurationPlatforms) = preSolution
		Debug|Any CPU = Debug|Any CPU
		Release|Any CPU = Release|Any CPU
	EndGlobalSection
	GlobalSection(ProjectConfigurationPlatforms) = postSolution
		{AEA57A6D-D360-402D-A465-40BF1B5F1C89}.Debug|Any CPU.ActiveCfg = Debug|Any CPU
		{AEA57A6D-D360-402D-A465-40BF1B5F1C89}.Debug|Any CPU.Build.0 = Debug|Any CPU
		{AEA57A6D-D360-402D-A465-40BF1B5F1C89}.Release|Any CPU.ActiveCfg = Release|Any CPU
		{AEA57A6D-D360-402D-A465-40BF1B5F1C89}.Release|Any CPU.Build.0 = Release|Any CPU
		{EA44F99C-E7D7-49E4-9221-A569363ACA8F}.Debug|Any CPU.ActiveCfg = Debug|Any CPU
		{EA44F99C-E7D7-49E4-9221-A569363ACA8F}.Debug|Any CPU.Build.0 = Debug|Any CPU
		{EA44F99C-E7D7-49E4-9221-A569363ACA8F}.Release|Any CPU.ActiveCfg = Release|Any CPU
		{EA44F99C-E7D7-49E4-9221-A569363ACA8F}.Release|Any CPU.Build.0 = Release|Any CPU
		{396990F7-7AA4-4067-8BC5-AEA4040F036E}.Debug|Any CPU.ActiveCfg = Debug|Any CPU
		{396990F7-7AA4-4067-8BC5-AEA4040F036E}.Debug|Any CPU.Build.0 = Debug|Any CPU
		{396990F7-7AA4-4067-8BC5-AEA4040F036E}.Release|Any CPU.ActiveCfg = Release|Any CPU
		{396990F7-7AA4-4067-8BC5-AEA4040F036E}.Release|Any CPU.Build.0 = Release|Any CPU
		{D1BC941F-1428-401C-AB84-8AF72C60BB8C}.Debug|Any CPU.ActiveCfg = Debug|Any CPU
		{D1BC941F-1428-401C-AB84-8AF72C60BB8C}.Debug|Any CPU.Build.0 = Debug|Any CPU
		{D1BC941F-1428-401C-AB84-8AF72C60BB8C}.Release|Any CPU.ActiveCfg = Release|Any CPU
		{D1BC941F-1428-401C-AB84-8AF72C60BB8C}.Release|Any CPU.Build.0 = Release|Any CPU
		{8BEC119D-3417-45E5-AEFE-CBAC0E163A41}.Debug|Any CPU.ActiveCfg = Debug|Any CPU
		{8BEC119D-3417-45E5-AEFE-CBAC0E163A41}.Debug|Any CPU.Build.0 = Debug|Any CPU
		{8BEC119D-3417-45E5-AEFE-CBAC0E163A41}.Release|Any CPU.ActiveCfg = Release|Any CPU
		{8BEC119D-3417-45E5-AEFE-CBAC0E163A41}.Release|Any CPU.Build.0 = Release|Any CPU
		{58EEF1D3-FA6B-4F25-A6D0-A3C9FABAC3CB}.Debug|Any CPU.ActiveCfg = Debug|Any CPU
		{58EEF1D3-FA6B-4F25-A6D0-A3C9FABAC3CB}.Debug|Any CPU.Build.0 = Debug|Any CPU
		{58EEF1D3-FA6B-4F25-A6D0-A3C9FABAC3CB}.Release|Any CPU.ActiveCfg = Release|Any CPU
		{58EEF1D3-FA6B-4F25-A6D0-A3C9FABAC3CB}.Release|Any CPU.Build.0 = Release|Any CPU
		{3B87B7AE-1A9A-40B7-B16D-9C1121480541}.Debug|Any CPU.ActiveCfg = Debug|Any CPU
		{3B87B7AE-1A9A-40B7-B16D-9C1121480541}.Debug|Any CPU.Build.0 = Debug|Any CPU
		{3B87B7AE-1A9A-40B7-B16D-9C1121480541}.Release|Any CPU.ActiveCfg = Release|Any CPU
		{3B87B7AE-1A9A-40B7-B16D-9C1121480541}.Release|Any CPU.Build.0 = Release|Any CPU
		{143F1DEA-2EF5-4537-ABB5-4DD9959F6449}.Debug|Any CPU.ActiveCfg = Debug|Any CPU
		{143F1DEA-2EF5-4537-ABB5-4DD9959F6449}.Debug|Any CPU.Build.0 = Debug|Any CPU
		{143F1DEA-2EF5-4537-ABB5-4DD9959F6449}.Release|Any CPU.ActiveCfg = Release|Any CPU
		{143F1DEA-2EF5-4537-ABB5-4DD9959F6449}.Release|Any CPU.Build.0 = Release|Any CPU
		{A3FE433E-3553-4583-895A-E928B72BAF2C}.Debug|Any CPU.ActiveCfg = Debug|Any CPU
		{A3FE433E-3553-4583-895A-E928B72BAF2C}.Debug|Any CPU.Build.0 = Debug|Any CPU
		{A3FE433E-3553-4583-895A-E928B72BAF2C}.Release|Any CPU.ActiveCfg = Release|Any CPU
		{A3FE433E-3553-4583-895A-E928B72BAF2C}.Release|Any CPU.Build.0 = Release|Any CPU
		{140C3F79-C034-43AD-8C50-C3100773EF17}.Debug|Any CPU.ActiveCfg = Debug|Any CPU
		{140C3F79-C034-43AD-8C50-C3100773EF17}.Debug|Any CPU.Build.0 = Debug|Any CPU
		{140C3F79-C034-43AD-8C50-C3100773EF17}.Release|Any CPU.ActiveCfg = Release|Any CPU
		{140C3F79-C034-43AD-8C50-C3100773EF17}.Release|Any CPU.Build.0 = Release|Any CPU
	EndGlobalSection
	GlobalSection(SolutionProperties) = preSolution
		HideSolutionNode = FALSE
	EndGlobalSection
	GlobalSection(NestedProjects) = preSolution
		{AEA57A6D-D360-402D-A465-40BF1B5F1C89} = {8D7E4908-7C62-4334-9F8E-CD8AB2AF871D}
		{EA44F99C-E7D7-49E4-9221-A569363ACA8F} = {677ED6CC-145C-4614-A10F-977E70E3C158}
		{396990F7-7AA4-4067-8BC5-AEA4040F036E} = {7AEBADBC-86DA-45B1-B6FA-16799BCE0A08}
		{D1BC941F-1428-401C-AB84-8AF72C60BB8C} = {7AEBADBC-86DA-45B1-B6FA-16799BCE0A08}
		{8BEC119D-3417-45E5-AEFE-CBAC0E163A41} = {7AEBADBC-86DA-45B1-B6FA-16799BCE0A08}
		{58EEF1D3-FA6B-4F25-A6D0-A3C9FABAC3CB} = {EAF3EB5B-F2CB-4595-8669-A338C3DF2306}
		{3B87B7AE-1A9A-40B7-B16D-9C1121480541} = {0B7B5EE8-289F-4454-8C99-83D4B488F2B2}
		{143F1DEA-2EF5-4537-ABB5-4DD9959F6449} = {E5F25D5D-CB8B-4748-AAF4-D322885364EE}
		{F056EBD2-6ED3-41DB-AE41-F19319C16639} = {0B7B5EE8-289F-4454-8C99-83D4B488F2B2}
		{A3FE433E-3553-4583-895A-E928B72BAF2C} = {7AEBADBC-86DA-45B1-B6FA-16799BCE0A08}
		{3C85CC55-6854-463A-BD9D-F89A83FB9590} = {0B7B5EE8-289F-4454-8C99-83D4B488F2B2}
		{140C3F79-C034-43AD-8C50-C3100773EF17} = {4353B9C1-2142-446F-B195-F9D2B811F9AC}
	EndGlobalSection
	GlobalSection(ExtensibilityGlobals) = postSolution
		SolutionGuid = {2FE3F414-D062-480F-AEAF-6542F3AD238C}
	EndGlobalSection
EndGlobal
